
Microsoft Visual Studio Solution File, Format Version 12.00
# Visual Studio 15
Project("{FAE04EC0-301F-11D3-BF4B-00C04F79EFBC}") = "ValidBraces", "ValidBraces\ValidBraces.csproj", "{769C149A-3725-4FE3-8C25-190A138A5586}"
EndProject
Project("{FAE04EC0-301F-11D3-BF4B-00C04F79EFBC}") = "ValidBracesTests", "ValidBracesTests\ValidBracesTests.csproj", "{6DE15F29-2249-4E18-A75F-2FAC256082CB}"
EndProject
Global
	GlobalSection(SolutionConfigurationPlatforms) = preSolution
		Debug|Any CPU = Debug|Any CPU
		Release|Any CPU = Release|Any CPU
	EndGlobalSection
	GlobalSection(ProjectConfigurationPlatforms) = postSolution
		{769C149A-3725-4FE3-8C25-190A138A5586}.Debug|Any CPU.ActiveCfg = Debug|Any CPU
		{769C149A-3725-4FE3-8C25-190A138A5586}.Debug|Any CPU.Build.0 = Debug|Any CPU
		{769C149A-3725-4FE3-8C25-190A138A5586}.Release|Any CPU.ActiveCfg = Release|Any CPU
		{769C149A-3725-4FE3-8C25-190A138A5586}.Release|Any CPU.Build.0 = Release|Any CPU
		{6DE15F29-2249-4E18-A75F-2FAC256082CB}.Debug|Any CPU.ActiveCfg = Debug|Any CPU
		{6DE15F29-2249-4E18-A75F-2FAC256082CB}.Debug|Any CPU.Build.0 = Debug|Any CPU
		{6DE15F29-2249-4E18-A75F-2FAC256082CB}.Release|Any CPU.ActiveCfg = Release|Any CPU
		{6DE15F29-2249-4E18-A75F-2FAC256082CB}.Release|Any CPU.Build.0 = Release|Any CPU
	EndGlobalSection
EndGlobal
