
Microsoft Visual Studio Solution File, Format Version 12.00
# Visual Studio 15
Project("{FAE04EC0-301F-11D3-BF4B-00C04F79EFBC}") = "DontGiveMeFive", "DontGiveMeFive\DontGiveMeFive.csproj", "{31006817-9DD7-4547-BFDF-BB5FC40ED69C}"
EndProject
Project("{FAE04EC0-301F-11D3-BF4B-00C04F79EFBC}") = "DontGiveMeFiveTests", "DontGiveMeFiveTests\DontGiveMeFiveTests.csproj", "{C7F3B4F5-0AE2-4945-8E94-F10CBC85BE94}"
EndProject
Global
	GlobalSection(SolutionConfigurationPlatforms) = preSolution
		Debug|Any CPU = Debug|Any CPU
		Release|Any CPU = Release|Any CPU
	EndGlobalSection
	GlobalSection(ProjectConfigurationPlatforms) = postSolution
		{31006817-9DD7-4547-BFDF-BB5FC40ED69C}.Debug|Any CPU.ActiveCfg = Debug|Any CPU
		{31006817-9DD7-4547-BFDF-BB5FC40ED69C}.Debug|Any CPU.Build.0 = Debug|Any CPU
		{31006817-9DD7-4547-BFDF-BB5FC40ED69C}.Release|Any CPU.ActiveCfg = Release|Any CPU
		{31006817-9DD7-4547-BFDF-BB5FC40ED69C}.Release|Any CPU.Build.0 = Release|Any CPU
		{C7F3B4F5-0AE2-4945-8E94-F10CBC85BE94}.Debug|Any CPU.ActiveCfg = Debug|Any CPU
		{C7F3B4F5-0AE2-4945-8E94-F10CBC85BE94}.Debug|Any CPU.Build.0 = Debug|Any CPU
		{C7F3B4F5-0AE2-4945-8E94-F10CBC85BE94}.Release|Any CPU.ActiveCfg = Release|Any CPU
		{C7F3B4F5-0AE2-4945-8E94-F10CBC85BE94}.Release|Any CPU.Build.0 = Release|Any CPU
	EndGlobalSection
EndGlobal
